
Microsoft Visual Studio Solution File, Format Version 12.00
# Visual Studio 14
VisualStudioVersion = 14.0.25420.1
MinimumVisualStudioVersion = 10.0.40219.1
Project("{E24C65DC-7377-472B-9ABA-BC803B73C61A}") = "DNN", "http://localhost:44300", "{DC8FE3EA-A2E1-472E-92CE-C5FF9ABF224F}"
	ProjectSection(WebsiteProperties) = preProject
		UseIISExpress = "true"
		TargetFrameworkMoniker = ".NETFramework,Version%3Dv4.0"
		Debug.AspNetCompiler.VirtualPath = "/dnndevme"
		Debug.AspNetCompiler.PhysicalPath = "C:\dnndev.me"
		Debug.AspNetCompiler.TargetPath = "PrecompiledWeb\dnndevme\"
		Debug.AspNetCompiler.Updateable = "true"
		Debug.AspNetCompiler.ForceOverwrite = "true"
		Debug.AspNetCompiler.FixedNames = "false"
		Debug.AspNetCompiler.Debug = "True"
		Release.AspNetCompiler.VirtualPath = "/dnndevme"
		Release.AspNetCompiler.PhysicalPath = "C:\dnndev.me"
		Release.AspNetCompiler.TargetPath = "PrecompiledWeb\dnndevme\"
		Release.AspNetCompiler.Updateable = "true"
		Release.AspNetCompiler.ForceOverwrite = "true"
		Release.AspNetCompiler.FixedNames = "false"
		Release.AspNetCompiler.Debug = "False"
		SlnRelativePath = "C:\dnndev.me"
	EndProjectSection
EndProject
Global
	GlobalSection(SolutionConfigurationPlatforms) = preSolution
		Debug|Any CPU = Debug|Any CPU
	EndGlobalSection
	GlobalSection(ProjectConfigurationPlatforms) = postSolution
		{DC8FE3EA-A2E1-472E-92CE-C5FF9ABF224F}.Debug|Any CPU.ActiveCfg = Debug|Any CPU
		{DC8FE3EA-A2E1-472E-92CE-C5FF9ABF224F}.Debug|Any CPU.Build.0 = Debug|Any CPU
	EndGlobalSection
	GlobalSection(SolutionProperties) = preSolution
		HideSolutionNode = FALSE
	EndGlobalSection
EndGlobal
